
Microsoft Visual Studio Solution File, Format Version 12.00
# Visual Studio Version 16
VisualStudioVersion = 16.0.29509.3
MinimumVisualStudioVersion = 10.0.40219.1
Project("{FAE04EC0-301F-11D3-BF4B-00C04F79EFBC}") = "BLEPrototype.Android", "BLEPrototype\BLEPrototype.Android\BLEPrototype.Android.csproj", "{FE73177C-4BB5-4CB1-8C46-23BD006D1F1E}"
EndProject
Project("{FAE04EC0-301F-11D3-BF4B-00C04F79EFBC}") = "BLEPrototype.iOS", "BLEPrototype\BLEPrototype.iOS\BLEPrototype.iOS.csproj", "{EFF0C143-9F04-42F9-96E2-2979CB0CCC5F}"
EndProject
Project("{FAE04EC0-301F-11D3-BF4B-00C04F79EFBC}") = "BLEPrototype.UWP", "BLEPrototype\BLEPrototype.UWP\BLEPrototype.UWP.csproj", "{A006C315-A630-4B72-A028-0F8610F31BBB}"
EndProject
Project("{9A19103F-16F7-4668-BE54-9A1E7A4F7556}") = "BLEPrototype", "BLEPrototype\BLEPrototype\BLEPrototype.csproj", "{1ACFDF4B-2BF3-4CBD-8CEA-0F7AE210F77B}"
EndProject
Project("{2150E333-8FDC-42A3-9474-1A3956D46DE8}") = "Codebase", "Codebase", "{B52B8DCF-A1D3-472C-93EA-7F1969A8CCD3}"
EndProject
Project("{9A19103F-16F7-4668-BE54-9A1E7A4F7556}") = "PotentialX.Data", "..\PotentialX\Core\PotentialX.Data\PotentialX.Data.csproj", "{0E1C3DFA-29C2-46D2-9CAC-DE45F221B176}"
EndProject
Global
	GlobalSection(SolutionConfigurationPlatforms) = preSolution
		Ad-Hoc|Any CPU = Ad-Hoc|Any CPU
		Ad-Hoc|ARM = Ad-Hoc|ARM
		Ad-Hoc|iPhone = Ad-Hoc|iPhone
		Ad-Hoc|iPhoneSimulator = Ad-Hoc|iPhoneSimulator
		Ad-Hoc|x64 = Ad-Hoc|x64
		Ad-Hoc|x86 = Ad-Hoc|x86
		AppStore|Any CPU = AppStore|Any CPU
		AppStore|ARM = AppStore|ARM
		AppStore|iPhone = AppStore|iPhone
		AppStore|iPhoneSimulator = AppStore|iPhoneSimulator
		AppStore|x64 = AppStore|x64
		AppStore|x86 = AppStore|x86
		Debug|Any CPU = Debug|Any CPU
		Debug|ARM = Debug|ARM
		Debug|iPhone = Debug|iPhone
		Debug|iPhoneSimulator = Debug|iPhoneSimulator
		Debug|x64 = Debug|x64
		Debug|x86 = Debug|x86
		Release|Any CPU = Release|Any CPU
		Release|ARM = Release|ARM
		Release|iPhone = Release|iPhone
		Release|iPhoneSimulator = Release|iPhoneSimulator
		Release|x64 = Release|x64
		Release|x86 = Release|x86
	EndGlobalSection
	GlobalSection(ProjectConfigurationPlatforms) = postSolution
		{FE73177C-4BB5-4CB1-8C46-23BD006D1F1E}.Ad-Hoc|Any CPU.ActiveCfg = Release|Any CPU
		{FE73177C-4BB5-4CB1-8C46-23BD006D1F1E}.Ad-Hoc|Any CPU.Build.0 = Release|Any CPU
		{FE73177C-4BB5-4CB1-8C46-23BD006D1F1E}.Ad-Hoc|Any CPU.Deploy.0 = Release|Any CPU
		{FE73177C-4BB5-4CB1-8C46-23BD006D1F1E}.Ad-Hoc|ARM.ActiveCfg = Release|Any CPU
		{FE73177C-4BB5-4CB1-8C46-23BD006D1F1E}.Ad-Hoc|ARM.Build.0 = Release|Any CPU
		{FE73177C-4BB5-4CB1-8C46-23BD006D1F1E}.Ad-Hoc|ARM.Deploy.0 = Release|Any CPU
		{FE73177C-4BB5-4CB1-8C46-23BD006D1F1E}.Ad-Hoc|iPhone.ActiveCfg = Release|Any CPU
		{FE73177C-4BB5-4CB1-8C46-23BD006D1F1E}.Ad-Hoc|iPhone.Build.0 = Release|Any CPU
		{FE73177C-4BB5-4CB1-8C46-23BD006D1F1E}.Ad-Hoc|iPhone.Deploy.0 = Release|Any CPU
		{FE73177C-4BB5-4CB1-8C46-23BD006D1F1E}.Ad-Hoc|iPhoneSimulator.ActiveCfg = Release|Any CPU
		{FE73177C-4BB5-4CB1-8C46-23BD006D1F1E}.Ad-Hoc|iPhoneSimulator.Build.0 = Release|Any CPU
		{FE73177C-4BB5-4CB1-8C46-23BD006D1F1E}.Ad-Hoc|iPhoneSimulator.Deploy.0 = Release|Any CPU
		{FE73177C-4BB5-4CB1-8C46-23BD006D1F1E}.Ad-Hoc|x64.ActiveCfg = Release|Any CPU
		{FE73177C-4BB5-4CB1-8C46-23BD006D1F1E}.Ad-Hoc|x64.Build.0 = Release|Any CPU
		{FE73177C-4BB5-4CB1-8C46-23BD006D1F1E}.Ad-Hoc|x64.Deploy.0 = Release|Any CPU
		{FE73177C-4BB5-4CB1-8C46-23BD006D1F1E}.Ad-Hoc|x86.ActiveCfg = Release|Any CPU
		{FE73177C-4BB5-4CB1-8C46-23BD006D1F1E}.Ad-Hoc|x86.Build.0 = Release|Any CPU
		{FE73177C-4BB5-4CB1-8C46-23BD006D1F1E}.Ad-Hoc|x86.Deploy.0 = Release|Any CPU
		{FE73177C-4BB5-4CB1-8C46-23BD006D1F1E}.AppStore|Any CPU.ActiveCfg = Release|Any CPU
		{FE73177C-4BB5-4CB1-8C46-23BD006D1F1E}.AppStore|Any CPU.Build.0 = Release|Any CPU
		{FE73177C-4BB5-4CB1-8C46-23BD006D1F1E}.AppStore|Any CPU.Deploy.0 = Release|Any CPU
		{FE73177C-4BB5-4CB1-8C46-23BD006D1F1E}.AppStore|ARM.ActiveCfg = Release|Any CPU
		{FE73177C-4BB5-4CB1-8C46-23BD006D1F1E}.AppStore|ARM.Build.0 = Release|Any CPU
		{FE73177C-4BB5-4CB1-8C46-23BD006D1F1E}.AppStore|ARM.Deploy.0 = Release|Any CPU
		{FE73177C-4BB5-4CB1-8C46-23BD006D1F1E}.AppStore|iPhone.ActiveCfg = Release|Any CPU
		{FE73177C-4BB5-4CB1-8C46-23BD006D1F1E}.AppStore|iPhone.Build.0 = Release|Any CPU
		{FE73177C-4BB5-4CB1-8C46-23BD006D1F1E}.AppStore|iPhone.Deploy.0 = Release|Any CPU
		{FE73177C-4BB5-4CB1-8C46-23BD006D1F1E}.AppStore|iPhoneSimulator.ActiveCfg = Release|Any CPU
		{FE73177C-4BB5-4CB1-8C46-23BD006D1F1E}.AppStore|iPhoneSimulator.Build.0 = Release|Any CPU
		{FE73177C-4BB5-4CB1-8C46-23BD006D1F1E}.AppStore|iPhoneSimulator.Deploy.0 = Release|Any CPU
		{FE73177C-4BB5-4CB1-8C46-23BD006D1F1E}.AppStore|x64.ActiveCfg = Release|Any CPU
		{FE73177C-4BB5-4CB1-8C46-23BD006D1F1E}.AppStore|x64.Build.0 = Release|Any CPU
		{FE73177C-4BB5-4CB1-8C46-23BD006D1F1E}.AppStore|x64.Deploy.0 = Release|Any CPU
		{FE73177C-4BB5-4CB1-8C46-23BD006D1F1E}.AppStore|x86.ActiveCfg = Release|Any CPU
		{FE73177C-4BB5-4CB1-8C46-23BD006D1F1E}.AppStore|x86.Build.0 = Release|Any CPU
		{FE73177C-4BB5-4CB1-8C46-23BD006D1F1E}.AppStore|x86.Deploy.0 = Release|Any CPU
		{FE73177C-4BB5-4CB1-8C46-23BD006D1F1E}.Debug|Any CPU.ActiveCfg = Debug|Any CPU
		{FE73177C-4BB5-4CB1-8C46-23BD006D1F1E}.Debug|Any CPU.Build.0 = Debug|Any CPU
		{FE73177C-4BB5-4CB1-8C46-23BD006D1F1E}.Debug|Any CPU.Deploy.0 = Debug|Any CPU
		{FE73177C-4BB5-4CB1-8C46-23BD006D1F1E}.Debug|ARM.ActiveCfg = Debug|Any CPU
		{FE73177C-4BB5-4CB1-8C46-23BD006D1F1E}.Debug|ARM.Build.0 = Debug|Any CPU
		{FE73177C-4BB5-4CB1-8C46-23BD006D1F1E}.Debug|ARM.Deploy.0 = Debug|Any CPU
		{FE73177C-4BB5-4CB1-8C46-23BD006D1F1E}.Debug|iPhone.ActiveCfg = Debug|Any CPU
		{FE73177C-4BB5-4CB1-8C46-23BD006D1F1E}.Debug|iPhone.Build.0 = Debug|Any CPU
		{FE73177C-4BB5-4CB1-8C46-23BD006D1F1E}.Debug|iPhone.Deploy.0 = Debug|Any CPU
		{FE73177C-4BB5-4CB1-8C46-23BD006D1F1E}.Debug|iPhoneSimulator.ActiveCfg = Debug|Any CPU
		{FE73177C-4BB5-4CB1-8C46-23BD006D1F1E}.Debug|iPhoneSimulator.Build.0 = Debug|Any CPU
		{FE73177C-4BB5-4CB1-8C46-23BD006D1F1E}.Debug|iPhoneSimulator.Deploy.0 = Debug|Any CPU
		{FE73177C-4BB5-4CB1-8C46-23BD006D1F1E}.Debug|x64.ActiveCfg = Debug|Any CPU
		{FE73177C-4BB5-4CB1-8C46-23BD006D1F1E}.Debug|x64.Build.0 = Debug|Any CPU
		{FE73177C-4BB5-4CB1-8C46-23BD006D1F1E}.Debug|x64.Deploy.0 = Debug|Any CPU
		{FE73177C-4BB5-4CB1-8C46-23BD006D1F1E}.Debug|x86.ActiveCfg = Debug|Any CPU
		{FE73177C-4BB5-4CB1-8C46-23BD006D1F1E}.Debug|x86.Build.0 = Debug|Any CPU
		{FE73177C-4BB5-4CB1-8C46-23BD006D1F1E}.Debug|x86.Deploy.0 = Debug|Any CPU
		{FE73177C-4BB5-4CB1-8C46-23BD006D1F1E}.Release|Any CPU.ActiveCfg = Release|Any CPU
		{FE73177C-4BB5-4CB1-8C46-23BD006D1F1E}.Release|Any CPU.Build.0 = Release|Any CPU
		{FE73177C-4BB5-4CB1-8C46-23BD006D1F1E}.Release|Any CPU.Deploy.0 = Release|Any CPU
		{FE73177C-4BB5-4CB1-8C46-23BD006D1F1E}.Release|ARM.ActiveCfg = Release|Any CPU
		{FE73177C-4BB5-4CB1-8C46-23BD006D1F1E}.Release|ARM.Build.0 = Release|Any CPU
		{FE73177C-4BB5-4CB1-8C46-23BD006D1F1E}.Release|ARM.Deploy.0 = Release|Any CPU
		{FE73177C-4BB5-4CB1-8C46-23BD006D1F1E}.Release|iPhone.ActiveCfg = Release|Any CPU
		{FE73177C-4BB5-4CB1-8C46-23BD006D1F1E}.Release|iPhone.Build.0 = Release|Any CPU
		{FE73177C-4BB5-4CB1-8C46-23BD006D1F1E}.Release|iPhone.Deploy.0 = Release|Any CPU
		{FE73177C-4BB5-4CB1-8C46-23BD006D1F1E}.Release|iPhoneSimulator.ActiveCfg = Release|Any CPU
		{FE73177C-4BB5-4CB1-8C46-23BD006D1F1E}.Release|iPhoneSimulator.Build.0 = Release|Any CPU
		{FE73177C-4BB5-4CB1-8C46-23BD006D1F1E}.Release|iPhoneSimulator.Deploy.0 = Release|Any CPU
		{FE73177C-4BB5-4CB1-8C46-23BD006D1F1E}.Release|x64.ActiveCfg = Release|Any CPU
		{FE73177C-4BB5-4CB1-8C46-23BD006D1F1E}.Release|x64.Build.0 = Release|Any CPU
		{FE73177C-4BB5-4CB1-8C46-23BD006D1F1E}.Release|x64.Deploy.0 = Release|Any CPU
		{FE73177C-4BB5-4CB1-8C46-23BD006D1F1E}.Release|x86.ActiveCfg = Release|Any CPU
		{FE73177C-4BB5-4CB1-8C46-23BD006D1F1E}.Release|x86.Build.0 = Release|Any CPU
		{FE73177C-4BB5-4CB1-8C46-23BD006D1F1E}.Release|x86.Deploy.0 = Release|Any CPU
		{EFF0C143-9F04-42F9-96E2-2979CB0CCC5F}.Ad-Hoc|Any CPU.ActiveCfg = Ad-Hoc|iPhone
		{EFF0C143-9F04-42F9-96E2-2979CB0CCC5F}.Ad-Hoc|Any CPU.Build.0 = Ad-Hoc|iPhone
		{EFF0C143-9F04-42F9-96E2-2979CB0CCC5F}.Ad-Hoc|Any CPU.Deploy.0 = Ad-Hoc|iPhone
		{EFF0C143-9F04-42F9-96E2-2979CB0CCC5F}.Ad-Hoc|ARM.ActiveCfg = Ad-Hoc|iPhone
		{EFF0C143-9F04-42F9-96E2-2979CB0CCC5F}.Ad-Hoc|ARM.Build.0 = Ad-Hoc|iPhone
		{EFF0C143-9F04-42F9-96E2-2979CB0CCC5F}.Ad-Hoc|ARM.Deploy.0 = Ad-Hoc|iPhone
		{EFF0C143-9F04-42F9-96E2-2979CB0CCC5F}.Ad-Hoc|iPhone.ActiveCfg = Ad-Hoc|iPhone
		{EFF0C143-9F04-42F9-96E2-2979CB0CCC5F}.Ad-Hoc|iPhone.Build.0 = Ad-Hoc|iPhone
		{EFF0C143-9F04-42F9-96E2-2979CB0CCC5F}.Ad-Hoc|iPhone.Deploy.0 = Ad-Hoc|iPhone
		{EFF0C143-9F04-42F9-96E2-2979CB0CCC5F}.Ad-Hoc|iPhoneSimulator.ActiveCfg = Ad-Hoc|iPhoneSimulator
		{EFF0C143-9F04-42F9-96E2-2979CB0CCC5F}.Ad-Hoc|iPhoneSimulator.Build.0 = Ad-Hoc|iPhoneSimulator
		{EFF0C143-9F04-42F9-96E2-2979CB0CCC5F}.Ad-Hoc|iPhoneSimulator.Deploy.0 = Ad-Hoc|iPhoneSimulator
		{EFF0C143-9F04-42F9-96E2-2979CB0CCC5F}.Ad-Hoc|x64.ActiveCfg = Ad-Hoc|iPhone
		{EFF0C143-9F04-42F9-96E2-2979CB0CCC5F}.Ad-Hoc|x64.Build.0 = Ad-Hoc|iPhone
		{EFF0C143-9F04-42F9-96E2-2979CB0CCC5F}.Ad-Hoc|x64.Deploy.0 = Ad-Hoc|iPhone
		{EFF0C143-9F04-42F9-96E2-2979CB0CCC5F}.Ad-Hoc|x86.ActiveCfg = Ad-Hoc|iPhone
		{EFF0C143-9F04-42F9-96E2-2979CB0CCC5F}.Ad-Hoc|x86.Build.0 = Ad-Hoc|iPhone
		{EFF0C143-9F04-42F9-96E2-2979CB0CCC5F}.Ad-Hoc|x86.Deploy.0 = Ad-Hoc|iPhone
		{EFF0C143-9F04-42F9-96E2-2979CB0CCC5F}.AppStore|Any CPU.ActiveCfg = AppStore|iPhone
		{EFF0C143-9F04-42F9-96E2-2979CB0CCC5F}.AppStore|Any CPU.Build.0 = AppStore|iPhone
		{EFF0C143-9F04-42F9-96E2-2979CB0CCC5F}.AppStore|Any CPU.Deploy.0 = AppStore|iPhone
		{EFF0C143-9F04-42F9-96E2-2979CB0CCC5F}.AppStore|ARM.ActiveCfg = AppStore|iPhone
		{EFF0C143-9F04-42F9-96E2-2979CB0CCC5F}.AppStore|ARM.Build.0 = AppStore|iPhone
		{EFF0C143-9F04-42F9-96E2-2979CB0CCC5F}.AppStore|ARM.Deploy.0 = AppStore|iPhone
		{EFF0C143-9F04-42F9-96E2-2979CB0CCC5F}.AppStore|iPhone.ActiveCfg = AppStore|iPhone
		{EFF0C143-9F04-42F9-96E2-2979CB0CCC5F}.AppStore|iPhone.Build.0 = AppStore|iPhone
		{EFF0C143-9F04-42F9-96E2-2979CB0CCC5F}.AppStore|iPhone.Deploy.0 = AppStore|iPhone
		{EFF0C143-9F04-42F9-96E2-2979CB0CCC5F}.AppStore|iPhoneSimulator.ActiveCfg = AppStore|iPhoneSimulator
		{EFF0C143-9F04-42F9-96E2-2979CB0CCC5F}.AppStore|iPhoneSimulator.Build.0 = AppStore|iPhoneSimulator
		{EFF0C143-9F04-42F9-96E2-2979CB0CCC5F}.AppStore|iPhoneSimulator.Deploy.0 = AppStore|iPhoneSimulator
		{EFF0C143-9F04-42F9-96E2-2979CB0CCC5F}.AppStore|x64.ActiveCfg = AppStore|iPhone
		{EFF0C143-9F04-42F9-96E2-2979CB0CCC5F}.AppStore|x64.Build.0 = AppStore|iPhone
		{EFF0C143-9F04-42F9-96E2-2979CB0CCC5F}.AppStore|x64.Deploy.0 = AppStore|iPhone
		{EFF0C143-9F04-42F9-96E2-2979CB0CCC5F}.AppStore|x86.ActiveCfg = AppStore|iPhone
		{EFF0C143-9F04-42F9-96E2-2979CB0CCC5F}.AppStore|x86.Build.0 = AppStore|iPhone
		{EFF0C143-9F04-42F9-96E2-2979CB0CCC5F}.AppStore|x86.Deploy.0 = AppStore|iPhone
		{EFF0C143-9F04-42F9-96E2-2979CB0CCC5F}.Debug|Any CPU.ActiveCfg = Debug|iPhoneSimulator
		{EFF0C143-9F04-42F9-96E2-2979CB0CCC5F}.Debug|Any CPU.Build.0 = Debug|iPhoneSimulator
		{EFF0C143-9F04-42F9-96E2-2979CB0CCC5F}.Debug|Any CPU.Deploy.0 = Debug|iPhoneSimulator
		{EFF0C143-9F04-42F9-96E2-2979CB0CCC5F}.Debug|ARM.ActiveCfg = Debug|iPhone
		{EFF0C143-9F04-42F9-96E2-2979CB0CCC5F}.Debug|ARM.Build.0 = Debug|iPhone
		{EFF0C143-9F04-42F9-96E2-2979CB0CCC5F}.Debug|ARM.Deploy.0 = Debug|iPhone
		{EFF0C143-9F04-42F9-96E2-2979CB0CCC5F}.Debug|iPhone.ActiveCfg = Debug|iPhone
		{EFF0C143-9F04-42F9-96E2-2979CB0CCC5F}.Debug|iPhone.Build.0 = Debug|iPhone
		{EFF0C143-9F04-42F9-96E2-2979CB0CCC5F}.Debug|iPhone.Deploy.0 = Debug|iPhone
		{EFF0C143-9F04-42F9-96E2-2979CB0CCC5F}.Debug|iPhoneSimulator.ActiveCfg = Debug|iPhoneSimulator
		{EFF0C143-9F04-42F9-96E2-2979CB0CCC5F}.Debug|iPhoneSimulator.Build.0 = Debug|iPhoneSimulator
		{EFF0C143-9F04-42F9-96E2-2979CB0CCC5F}.Debug|iPhoneSimulator.Deploy.0 = Debug|iPhoneSimulator
		{EFF0C143-9F04-42F9-96E2-2979CB0CCC5F}.Debug|x64.ActiveCfg = Debug|iPhone
		{EFF0C143-9F04-42F9-96E2-2979CB0CCC5F}.Debug|x64.Build.0 = Debug|iPhone
		{EFF0C143-9F04-42F9-96E2-2979CB0CCC5F}.Debug|x64.Deploy.0 = Debug|iPhone
		{EFF0C143-9F04-42F9-96E2-2979CB0CCC5F}.Debug|x86.ActiveCfg = Debug|iPhone
		{EFF0C143-9F04-42F9-96E2-2979CB0CCC5F}.Debug|x86.Build.0 = Debug|iPhone
		{EFF0C143-9F04-42F9-96E2-2979CB0CCC5F}.Debug|x86.Deploy.0 = Debug|iPhone
		{EFF0C143-9F04-42F9-96E2-2979CB0CCC5F}.Release|Any CPU.ActiveCfg = Release|iPhone
		{EFF0C143-9F04-42F9-96E2-2979CB0CCC5F}.Release|Any CPU.Build.0 = Release|iPhone
		{EFF0C143-9F04-42F9-96E2-2979CB0CCC5F}.Release|Any CPU.Deploy.0 = Release|iPhone
		{EFF0C143-9F04-42F9-96E2-2979CB0CCC5F}.Release|ARM.ActiveCfg = Release|iPhone
		{EFF0C143-9F04-42F9-96E2-2979CB0CCC5F}.Release|ARM.Build.0 = Release|iPhone
		{EFF0C143-9F04-42F9-96E2-2979CB0CCC5F}.Release|ARM.Deploy.0 = Release|iPhone
		{EFF0C143-9F04-42F9-96E2-2979CB0CCC5F}.Release|iPhone.ActiveCfg = Release|iPhone
		{EFF0C143-9F04-42F9-96E2-2979CB0CCC5F}.Release|iPhone.Build.0 = Release|iPhone
		{EFF0C143-9F04-42F9-96E2-2979CB0CCC5F}.Release|iPhone.Deploy.0 = Release|iPhone
		{EFF0C143-9F04-42F9-96E2-2979CB0CCC5F}.Release|iPhoneSimulator.ActiveCfg = Release|iPhoneSimulator
		{EFF0C143-9F04-42F9-96E2-2979CB0CCC5F}.Release|iPhoneSimulator.Build.0 = Release|iPhoneSimulator
		{EFF0C143-9F04-42F9-96E2-2979CB0CCC5F}.Release|iPhoneSimulator.Deploy.0 = Release|iPhoneSimulator
		{EFF0C143-9F04-42F9-96E2-2979CB0CCC5F}.Release|x64.ActiveCfg = Release|iPhone
		{EFF0C143-9F04-42F9-96E2-2979CB0CCC5F}.Release|x64.Build.0 = Release|iPhone
		{EFF0C143-9F04-42F9-96E2-2979CB0CCC5F}.Release|x64.Deploy.0 = Release|iPhone
		{EFF0C143-9F04-42F9-96E2-2979CB0CCC5F}.Release|x86.ActiveCfg = Release|iPhone
		{EFF0C143-9F04-42F9-96E2-2979CB0CCC5F}.Release|x86.Build.0 = Release|iPhone
		{EFF0C143-9F04-42F9-96E2-2979CB0CCC5F}.Release|x86.Deploy.0 = Release|iPhone
		{A006C315-A630-4B72-A028-0F8610F31BBB}.Ad-Hoc|Any CPU.ActiveCfg = Release|x86
		{A006C315-A630-4B72-A028-0F8610F31BBB}.Ad-Hoc|Any CPU.Build.0 = Release|x86
		{A006C315-A630-4B72-A028-0F8610F31BBB}.Ad-Hoc|Any CPU.Deploy.0 = Release|x86
		{A006C315-A630-4B72-A028-0F8610F31BBB}.Ad-Hoc|ARM.ActiveCfg = Release|ARM
		{A006C315-A630-4B72-A028-0F8610F31BBB}.Ad-Hoc|ARM.Build.0 = Release|ARM
		{A006C315-A630-4B72-A028-0F8610F31BBB}.Ad-Hoc|ARM.Deploy.0 = Release|ARM
		{A006C315-A630-4B72-A028-0F8610F31BBB}.Ad-Hoc|iPhone.ActiveCfg = Release|x86
		{A006C315-A630-4B72-A028-0F8610F31BBB}.Ad-Hoc|iPhone.Build.0 = Release|x86
		{A006C315-A630-4B72-A028-0F8610F31BBB}.Ad-Hoc|iPhone.Deploy.0 = Release|x86
		{A006C315-A630-4B72-A028-0F8610F31BBB}.Ad-Hoc|iPhoneSimulator.ActiveCfg = Release|x86
		{A006C315-A630-4B72-A028-0F8610F31BBB}.Ad-Hoc|iPhoneSimulator.Build.0 = Release|x86
		{A006C315-A630-4B72-A028-0F8610F31BBB}.Ad-Hoc|iPhoneSimulator.Deploy.0 = Release|x86
		{A006C315-A630-4B72-A028-0F8610F31BBB}.Ad-Hoc|x64.ActiveCfg = Release|x64
		{A006C315-A630-4B72-A028-0F8610F31BBB}.Ad-Hoc|x64.Build.0 = Release|x64
		{A006C315-A630-4B72-A028-0F8610F31BBB}.Ad-Hoc|x64.Deploy.0 = Release|x64
		{A006C315-A630-4B72-A028-0F8610F31BBB}.Ad-Hoc|x86.ActiveCfg = Release|x86
		{A006C315-A630-4B72-A028-0F8610F31BBB}.Ad-Hoc|x86.Build.0 = Release|x86
		{A006C315-A630-4B72-A028-0F8610F31BBB}.Ad-Hoc|x86.Deploy.0 = Release|x86
		{A006C315-A630-4B72-A028-0F8610F31BBB}.AppStore|Any CPU.ActiveCfg = Release|x86
		{A006C315-A630-4B72-A028-0F8610F31BBB}.AppStore|Any CPU.Build.0 = Release|x86
		{A006C315-A630-4B72-A028-0F8610F31BBB}.AppStore|Any CPU.Deploy.0 = Release|x86
		{A006C315-A630-4B72-A028-0F8610F31BBB}.AppStore|ARM.ActiveCfg = Release|ARM
		{A006C315-A630-4B72-A028-0F8610F31BBB}.AppStore|ARM.Build.0 = Release|ARM
		{A006C315-A630-4B72-A028-0F8610F31BBB}.AppStore|ARM.Deploy.0 = Release|ARM
		{A006C315-A630-4B72-A028-0F8610F31BBB}.AppStore|iPhone.ActiveCfg = Release|x86
		{A006C315-A630-4B72-A028-0F8610F31BBB}.AppStore|iPhone.Build.0 = Release|x86
		{A006C315-A630-4B72-A028-0F8610F31BBB}.AppStore|iPhone.Deploy.0 = Release|x86
		{A006C315-A630-4B72-A028-0F8610F31BBB}.AppStore|iPhoneSimulator.ActiveCfg = Release|x86
		{A006C315-A630-4B72-A028-0F8610F31BBB}.AppStore|iPhoneSimulator.Build.0 = Release|x86
		{A006C315-A630-4B72-A028-0F8610F31BBB}.AppStore|iPhoneSimulator.Deploy.0 = Release|x86
		{A006C315-A630-4B72-A028-0F8610F31BBB}.AppStore|x64.ActiveCfg = Release|x64
		{A006C315-A630-4B72-A028-0F8610F31BBB}.AppStore|x64.Build.0 = Release|x64
		{A006C315-A630-4B72-A028-0F8610F31BBB}.AppStore|x64.Deploy.0 = Release|x64
		{A006C315-A630-4B72-A028-0F8610F31BBB}.AppStore|x86.ActiveCfg = Release|x86
		{A006C315-A630-4B72-A028-0F8610F31BBB}.AppStore|x86.Build.0 = Release|x86
		{A006C315-A630-4B72-A028-0F8610F31BBB}.AppStore|x86.Deploy.0 = Release|x86
		{A006C315-A630-4B72-A028-0F8610F31BBB}.Debug|Any CPU.ActiveCfg = Debug|x86
		{A006C315-A630-4B72-A028-0F8610F31BBB}.Debug|Any CPU.Build.0 = Debug|x86
		{A006C315-A630-4B72-A028-0F8610F31BBB}.Debug|Any CPU.Deploy.0 = Debug|x86
		{A006C315-A630-4B72-A028-0F8610F31BBB}.Debug|ARM.ActiveCfg = Debug|ARM
		{A006C315-A630-4B72-A028-0F8610F31BBB}.Debug|ARM.Build.0 = Debug|ARM
		{A006C315-A630-4B72-A028-0F8610F31BBB}.Debug|ARM.Deploy.0 = Debug|ARM
		{A006C315-A630-4B72-A028-0F8610F31BBB}.Debug|iPhone.ActiveCfg = Debug|x86
		{A006C315-A630-4B72-A028-0F8610F31BBB}.Debug|iPhone.Build.0 = Debug|x86
		{A006C315-A630-4B72-A028-0F8610F31BBB}.Debug|iPhone.Deploy.0 = Debug|x86
		{A006C315-A630-4B72-A028-0F8610F31BBB}.Debug|iPhoneSimulator.ActiveCfg = Debug|x86
		{A006C315-A630-4B72-A028-0F8610F31BBB}.Debug|iPhoneSimulator.Build.0 = Debug|x86
		{A006C315-A630-4B72-A028-0F8610F31BBB}.Debug|iPhoneSimulator.Deploy.0 = Debug|x86
		{A006C315-A630-4B72-A028-0F8610F31BBB}.Debug|x64.ActiveCfg = Debug|x64
		{A006C315-A630-4B72-A028-0F8610F31BBB}.Debug|x64.Build.0 = Debug|x64
		{A006C315-A630-4B72-A028-0F8610F31BBB}.Debug|x64.Deploy.0 = Debug|x64
		{A006C315-A630-4B72-A028-0F8610F31BBB}.Debug|x86.ActiveCfg = Debug|x86
		{A006C315-A630-4B72-A028-0F8610F31BBB}.Debug|x86.Build.0 = Debug|x86
		{A006C315-A630-4B72-A028-0F8610F31BBB}.Debug|x86.Deploy.0 = Debug|x86
		{A006C315-A630-4B72-A028-0F8610F31BBB}.Release|Any CPU.ActiveCfg = Release|x86
		{A006C315-A630-4B72-A028-0F8610F31BBB}.Release|Any CPU.Build.0 = Release|x86
		{A006C315-A630-4B72-A028-0F8610F31BBB}.Release|Any CPU.Deploy.0 = Release|x86
		{A006C315-A630-4B72-A028-0F8610F31BBB}.Release|ARM.ActiveCfg = Release|ARM
		{A006C315-A630-4B72-A028-0F8610F31BBB}.Release|ARM.Build.0 = Release|ARM
		{A006C315-A630-4B72-A028-0F8610F31BBB}.Release|ARM.Deploy.0 = Release|ARM
		{A006C315-A630-4B72-A028-0F8610F31BBB}.Release|iPhone.ActiveCfg = Release|x86
		{A006C315-A630-4B72-A028-0F8610F31BBB}.Release|iPhone.Build.0 = Release|x86
		{A006C315-A630-4B72-A028-0F8610F31BBB}.Release|iPhone.Deploy.0 = Release|x86
		{A006C315-A630-4B72-A028-0F8610F31BBB}.Release|iPhoneSimulator.ActiveCfg = Release|x86
		{A006C315-A630-4B72-A028-0F8610F31BBB}.Release|iPhoneSimulator.Build.0 = Release|x86
		{A006C315-A630-4B72-A028-0F8610F31BBB}.Release|iPhoneSimulator.Deploy.0 = Release|x86
		{A006C315-A630-4B72-A028-0F8610F31BBB}.Release|x64.ActiveCfg = Release|x64
		{A006C315-A630-4B72-A028-0F8610F31BBB}.Release|x64.Build.0 = Release|x64
		{A006C315-A630-4B72-A028-0F8610F31BBB}.Release|x64.Deploy.0 = Release|x64
		{A006C315-A630-4B72-A028-0F8610F31BBB}.Release|x86.ActiveCfg = Release|x86
		{A006C315-A630-4B72-A028-0F8610F31BBB}.Release|x86.Build.0 = Release|x86
		{A006C315-A630-4B72-A028-0F8610F31BBB}.Release|x86.Deploy.0 = Release|x86
		{1ACFDF4B-2BF3-4CBD-8CEA-0F7AE210F77B}.Ad-Hoc|Any CPU.ActiveCfg = Debug|Any CPU
		{1ACFDF4B-2BF3-4CBD-8CEA-0F7AE210F77B}.Ad-Hoc|Any CPU.Build.0 = Debug|Any CPU
		{1ACFDF4B-2BF3-4CBD-8CEA-0F7AE210F77B}.Ad-Hoc|Any CPU.Deploy.0 = Debug|Any CPU
		{1ACFDF4B-2BF3-4CBD-8CEA-0F7AE210F77B}.Ad-Hoc|ARM.ActiveCfg = Debug|Any CPU
		{1ACFDF4B-2BF3-4CBD-8CEA-0F7AE210F77B}.Ad-Hoc|ARM.Build.0 = Debug|Any CPU
		{1ACFDF4B-2BF3-4CBD-8CEA-0F7AE210F77B}.Ad-Hoc|ARM.Deploy.0 = Debug|Any CPU
		{1ACFDF4B-2BF3-4CBD-8CEA-0F7AE210F77B}.Ad-Hoc|iPhone.ActiveCfg = Debug|Any CPU
		{1ACFDF4B-2BF3-4CBD-8CEA-0F7AE210F77B}.Ad-Hoc|iPhone.Build.0 = Debug|Any CPU
		{1ACFDF4B-2BF3-4CBD-8CEA-0F7AE210F77B}.Ad-Hoc|iPhone.Deploy.0 = Debug|Any CPU
		{1ACFDF4B-2BF3-4CBD-8CEA-0F7AE210F77B}.Ad-Hoc|iPhoneSimulator.ActiveCfg = Debug|Any CPU
		{1ACFDF4B-2BF3-4CBD-8CEA-0F7AE210F77B}.Ad-Hoc|iPhoneSimulator.Build.0 = Debug|Any CPU
		{1ACFDF4B-2BF3-4CBD-8CEA-0F7AE210F77B}.Ad-Hoc|iPhoneSimulator.Deploy.0 = Debug|Any CPU
		{1ACFDF4B-2BF3-4CBD-8CEA-0F7AE210F77B}.Ad-Hoc|x64.ActiveCfg = Debug|Any CPU
		{1ACFDF4B-2BF3-4CBD-8CEA-0F7AE210F77B}.Ad-Hoc|x64.Build.0 = Debug|Any CPU
		{1ACFDF4B-2BF3-4CBD-8CEA-0F7AE210F77B}.Ad-Hoc|x64.Deploy.0 = Debug|Any CPU
		{1ACFDF4B-2BF3-4CBD-8CEA-0F7AE210F77B}.Ad-Hoc|x86.ActiveCfg = Debug|Any CPU
		{1ACFDF4B-2BF3-4CBD-8CEA-0F7AE210F77B}.Ad-Hoc|x86.Build.0 = Debug|Any CPU
		{1ACFDF4B-2BF3-4CBD-8CEA-0F7AE210F77B}.Ad-Hoc|x86.Deploy.0 = Debug|Any CPU
		{1ACFDF4B-2BF3-4CBD-8CEA-0F7AE210F77B}.AppStore|Any CPU.ActiveCfg = Debug|Any CPU
		{1ACFDF4B-2BF3-4CBD-8CEA-0F7AE210F77B}.AppStore|Any CPU.Build.0 = Debug|Any CPU
		{1ACFDF4B-2BF3-4CBD-8CEA-0F7AE210F77B}.AppStore|Any CPU.Deploy.0 = Debug|Any CPU
		{1ACFDF4B-2BF3-4CBD-8CEA-0F7AE210F77B}.AppStore|ARM.ActiveCfg = Debug|Any CPU
		{1ACFDF4B-2BF3-4CBD-8CEA-0F7AE210F77B}.AppStore|ARM.Build.0 = Debug|Any CPU
		{1ACFDF4B-2BF3-4CBD-8CEA-0F7AE210F77B}.AppStore|ARM.Deploy.0 = Debug|Any CPU
		{1ACFDF4B-2BF3-4CBD-8CEA-0F7AE210F77B}.AppStore|iPhone.ActiveCfg = Debug|Any CPU
		{1ACFDF4B-2BF3-4CBD-8CEA-0F7AE210F77B}.AppStore|iPhone.Build.0 = Debug|Any CPU
		{1ACFDF4B-2BF3-4CBD-8CEA-0F7AE210F77B}.AppStore|iPhone.Deploy.0 = Debug|Any CPU
		{1ACFDF4B-2BF3-4CBD-8CEA-0F7AE210F77B}.AppStore|iPhoneSimulator.ActiveCfg = Debug|Any CPU
		{1ACFDF4B-2BF3-4CBD-8CEA-0F7AE210F77B}.AppStore|iPhoneSimulator.Build.0 = Debug|Any CPU
		{1ACFDF4B-2BF3-4CBD-8CEA-0F7AE210F77B}.AppStore|iPhoneSimulator.Deploy.0 = Debug|Any CPU
		{1ACFDF4B-2BF3-4CBD-8CEA-0F7AE210F77B}.AppStore|x64.ActiveCfg = Debug|Any CPU
		{1ACFDF4B-2BF3-4CBD-8CEA-0F7AE210F77B}.AppStore|x64.Build.0 = Debug|Any CPU
		{1ACFDF4B-2BF3-4CBD-8CEA-0F7AE210F77B}.AppStore|x64.Deploy.0 = Debug|Any CPU
		{1ACFDF4B-2BF3-4CBD-8CEA-0F7AE210F77B}.AppStore|x86.ActiveCfg = Debug|Any CPU
		{1ACFDF4B-2BF3-4CBD-8CEA-0F7AE210F77B}.AppStore|x86.Build.0 = Debug|Any CPU
		{1ACFDF4B-2BF3-4CBD-8CEA-0F7AE210F77B}.AppStore|x86.Deploy.0 = Debug|Any CPU
		{1ACFDF4B-2BF3-4CBD-8CEA-0F7AE210F77B}.Debug|Any CPU.ActiveCfg = Debug|Any CPU
		{1ACFDF4B-2BF3-4CBD-8CEA-0F7AE210F77B}.Debug|Any CPU.Build.0 = Debug|Any CPU
		{1ACFDF4B-2BF3-4CBD-8CEA-0F7AE210F77B}.Debug|Any CPU.Deploy.0 = Debug|Any CPU
		{1ACFDF4B-2BF3-4CBD-8CEA-0F7AE210F77B}.Debug|ARM.ActiveCfg = Debug|Any CPU
		{1ACFDF4B-2BF3-4CBD-8CEA-0F7AE210F77B}.Debug|ARM.Build.0 = Debug|Any CPU
		{1ACFDF4B-2BF3-4CBD-8CEA-0F7AE210F77B}.Debug|ARM.Deploy.0 = Debug|Any CPU
		{1ACFDF4B-2BF3-4CBD-8CEA-0F7AE210F77B}.Debug|iPhone.ActiveCfg = Debug|Any CPU
		{1ACFDF4B-2BF3-4CBD-8CEA-0F7AE210F77B}.Debug|iPhone.Build.0 = Debug|Any CPU
		{1ACFDF4B-2BF3-4CBD-8CEA-0F7AE210F77B}.Debug|iPhone.Deploy.0 = Debug|Any CPU
		{1ACFDF4B-2BF3-4CBD-8CEA-0F7AE210F77B}.Debug|iPhoneSimulator.ActiveCfg = Debug|Any CPU
		{1ACFDF4B-2BF3-4CBD-8CEA-0F7AE210F77B}.Debug|iPhoneSimulator.Build.0 = Debug|Any CPU
		{1ACFDF4B-2BF3-4CBD-8CEA-0F7AE210F77B}.Debug|iPhoneSimulator.Deploy.0 = Debug|Any CPU
		{1ACFDF4B-2BF3-4CBD-8CEA-0F7AE210F77B}.Debug|x64.ActiveCfg = Debug|Any CPU
		{1ACFDF4B-2BF3-4CBD-8CEA-0F7AE210F77B}.Debug|x64.Build.0 = Debug|Any CPU
		{1ACFDF4B-2BF3-4CBD-8CEA-0F7AE210F77B}.Debug|x64.Deploy.0 = Debug|Any CPU
		{1ACFDF4B-2BF3-4CBD-8CEA-0F7AE210F77B}.Debug|x86.ActiveCfg = Debug|Any CPU
		{1ACFDF4B-2BF3-4CBD-8CEA-0F7AE210F77B}.Debug|x86.Build.0 = Debug|Any CPU
		{1ACFDF4B-2BF3-4CBD-8CEA-0F7AE210F77B}.Debug|x86.Deploy.0 = Debug|Any CPU
		{1ACFDF4B-2BF3-4CBD-8CEA-0F7AE210F77B}.Release|Any CPU.ActiveCfg = Release|Any CPU
		{1ACFDF4B-2BF3-4CBD-8CEA-0F7AE210F77B}.Release|Any CPU.Build.0 = Release|Any CPU
		{1ACFDF4B-2BF3-4CBD-8CEA-0F7AE210F77B}.Release|Any CPU.Deploy.0 = Release|Any CPU
		{1ACFDF4B-2BF3-4CBD-8CEA-0F7AE210F77B}.Release|ARM.ActiveCfg = Release|Any CPU
		{1ACFDF4B-2BF3-4CBD-8CEA-0F7AE210F77B}.Release|ARM.Build.0 = Release|Any CPU
		{1ACFDF4B-2BF3-4CBD-8CEA-0F7AE210F77B}.Release|ARM.Deploy.0 = Release|Any CPU
		{1ACFDF4B-2BF3-4CBD-8CEA-0F7AE210F77B}.Release|iPhone.ActiveCfg = Release|Any CPU
		{1ACFDF4B-2BF3-4CBD-8CEA-0F7AE210F77B}.Release|iPhone.Build.0 = Release|Any CPU
		{1ACFDF4B-2BF3-4CBD-8CEA-0F7AE210F77B}.Release|iPhone.Deploy.0 = Release|Any CPU
		{1ACFDF4B-2BF3-4CBD-8CEA-0F7AE210F77B}.Release|iPhoneSimulator.ActiveCfg = Release|Any CPU
		{1ACFDF4B-2BF3-4CBD-8CEA-0F7AE210F77B}.Release|iPhoneSimulator.Build.0 = Release|Any CPU
		{1ACFDF4B-2BF3-4CBD-8CEA-0F7AE210F77B}.Release|iPhoneSimulator.Deploy.0 = Release|Any CPU
		{1ACFDF4B-2BF3-4CBD-8CEA-0F7AE210F77B}.Release|x64.ActiveCfg = Release|Any CPU
		{1ACFDF4B-2BF3-4CBD-8CEA-0F7AE210F77B}.Release|x64.Build.0 = Release|Any CPU
		{1ACFDF4B-2BF3-4CBD-8CEA-0F7AE210F77B}.Release|x64.Deploy.0 = Release|Any CPU
		{1ACFDF4B-2BF3-4CBD-8CEA-0F7AE210F77B}.Release|x86.ActiveCfg = Release|Any CPU
		{1ACFDF4B-2BF3-4CBD-8CEA-0F7AE210F77B}.Release|x86.Build.0 = Release|Any CPU
		{1ACFDF4B-2BF3-4CBD-8CEA-0F7AE210F77B}.Release|x86.Deploy.0 = Release|Any CPU
		{0E1C3DFA-29C2-46D2-9CAC-DE45F221B176}.Ad-Hoc|Any CPU.ActiveCfg = Debug|Any CPU
		{0E1C3DFA-29C2-46D2-9CAC-DE45F221B176}.Ad-Hoc|Any CPU.Build.0 = Debug|Any CPU
		{0E1C3DFA-29C2-46D2-9CAC-DE45F221B176}.Ad-Hoc|ARM.ActiveCfg = Debug|Any CPU
		{0E1C3DFA-29C2-46D2-9CAC-DE45F221B176}.Ad-Hoc|ARM.Build.0 = Debug|Any CPU
		{0E1C3DFA-29C2-46D2-9CAC-DE45F221B176}.Ad-Hoc|iPhone.ActiveCfg = Debug|Any CPU
		{0E1C3DFA-29C2-46D2-9CAC-DE45F221B176}.Ad-Hoc|iPhone.Build.0 = Debug|Any CPU
		{0E1C3DFA-29C2-46D2-9CAC-DE45F221B176}.Ad-Hoc|iPhoneSimulator.ActiveCfg = Debug|Any CPU
		{0E1C3DFA-29C2-46D2-9CAC-DE45F221B176}.Ad-Hoc|iPhoneSimulator.Build.0 = Debug|Any CPU
		{0E1C3DFA-29C2-46D2-9CAC-DE45F221B176}.Ad-Hoc|x64.ActiveCfg = Debug|Any CPU
		{0E1C3DFA-29C2-46D2-9CAC-DE45F221B176}.Ad-Hoc|x64.Build.0 = Debug|Any CPU
		{0E1C3DFA-29C2-46D2-9CAC-DE45F221B176}.Ad-Hoc|x86.ActiveCfg = Debug|Any CPU
		{0E1C3DFA-29C2-46D2-9CAC-DE45F221B176}.Ad-Hoc|x86.Build.0 = Debug|Any CPU
		{0E1C3DFA-29C2-46D2-9CAC-DE45F221B176}.AppStore|Any CPU.ActiveCfg = Debug|Any CPU
		{0E1C3DFA-29C2-46D2-9CAC-DE45F221B176}.AppStore|Any CPU.Build.0 = Debug|Any CPU
		{0E1C3DFA-29C2-46D2-9CAC-DE45F221B176}.AppStore|ARM.ActiveCfg = Debug|Any CPU
		{0E1C3DFA-29C2-46D2-9CAC-DE45F221B176}.AppStore|ARM.Build.0 = Debug|Any CPU
		{0E1C3DFA-29C2-46D2-9CAC-DE45F221B176}.AppStore|iPhone.ActiveCfg = Debug|Any CPU
		{0E1C3DFA-29C2-46D2-9CAC-DE45F221B176}.AppStore|iPhone.Build.0 = Debug|Any CPU
		{0E1C3DFA-29C2-46D2-9CAC-DE45F221B176}.AppStore|iPhoneSimulator.ActiveCfg = Debug|Any CPU
		{0E1C3DFA-29C2-46D2-9CAC-DE45F221B176}.AppStore|iPhoneSimulator.Build.0 = Debug|Any CPU
		{0E1C3DFA-29C2-46D2-9CAC-DE45F221B176}.AppStore|x64.ActiveCfg = Debug|Any CPU
		{0E1C3DFA-29C2-46D2-9CAC-DE45F221B176}.AppStore|x64.Build.0 = Debug|Any CPU
		{0E1C3DFA-29C2-46D2-9CAC-DE45F221B176}.AppStore|x86.ActiveCfg = Debug|Any CPU
		{0E1C3DFA-29C2-46D2-9CAC-DE45F221B176}.AppStore|x86.Build.0 = Debug|Any CPU
		{0E1C3DFA-29C2-46D2-9CAC-DE45F221B176}.Debug|Any CPU.ActiveCfg = Debug|Any CPU
		{0E1C3DFA-29C2-46D2-9CAC-DE45F221B176}.Debug|Any CPU.Build.0 = Debug|Any CPU
		{0E1C3DFA-29C2-46D2-9CAC-DE45F221B176}.Debug|ARM.ActiveCfg = Debug|Any CPU
		{0E1C3DFA-29C2-46D2-9CAC-DE45F221B176}.Debug|ARM.Build.0 = Debug|Any CPU
		{0E1C3DFA-29C2-46D2-9CAC-DE45F221B176}.Debug|iPhone.ActiveCfg = Debug|Any CPU
		{0E1C3DFA-29C2-46D2-9CAC-DE45F221B176}.Debug|iPhone.Build.0 = Debug|Any CPU
		{0E1C3DFA-29C2-46D2-9CAC-DE45F221B176}.Debug|iPhoneSimulator.ActiveCfg = Debug|Any CPU
		{0E1C3DFA-29C2-46D2-9CAC-DE45F221B176}.Debug|iPhoneSimulator.Build.0 = Debug|Any CPU
		{0E1C3DFA-29C2-46D2-9CAC-DE45F221B176}.Debug|x64.ActiveCfg = Debug|Any CPU
		{0E1C3DFA-29C2-46D2-9CAC-DE45F221B176}.Debug|x64.Build.0 = Debug|Any CPU
		{0E1C3DFA-29C2-46D2-9CAC-DE45F221B176}.Debug|x86.ActiveCfg = Debug|Any CPU
		{0E1C3DFA-29C2-46D2-9CAC-DE45F221B176}.Debug|x86.Build.0 = Debug|Any CPU
		{0E1C3DFA-29C2-46D2-9CAC-DE45F221B176}.Release|Any CPU.ActiveCfg = Release|Any CPU
		{0E1C3DFA-29C2-46D2-9CAC-DE45F221B176}.Release|Any CPU.Build.0 = Release|Any CPU
		{0E1C3DFA-29C2-46D2-9CAC-DE45F221B176}.Release|ARM.ActiveCfg = Release|Any CPU
		{0E1C3DFA-29C2-46D2-9CAC-DE45F221B176}.Release|ARM.Build.0 = Release|Any CPU
		{0E1C3DFA-29C2-46D2-9CAC-DE45F221B176}.Release|iPhone.ActiveCfg = Release|Any CPU
		{0E1C3DFA-29C2-46D2-9CAC-DE45F221B176}.Release|iPhone.Build.0 = Release|Any CPU
		{0E1C3DFA-29C2-46D2-9CAC-DE45F221B176}.Release|iPhoneSimulator.ActiveCfg = Release|Any CPU
		{0E1C3DFA-29C2-46D2-9CAC-DE45F221B176}.Release|iPhoneSimulator.Build.0 = Release|Any CPU
		{0E1C3DFA-29C2-46D2-9CAC-DE45F221B176}.Release|x64.ActiveCfg = Release|Any CPU
		{0E1C3DFA-29C2-46D2-9CAC-DE45F221B176}.Release|x64.Build.0 = Release|Any CPU
		{0E1C3DFA-29C2-46D2-9CAC-DE45F221B176}.Release|x86.ActiveCfg = Release|Any CPU
		{0E1C3DFA-29C2-46D2-9CAC-DE45F221B176}.Release|x86.Build.0 = Release|Any CPU
	EndGlobalSection
	GlobalSection(SolutionProperties) = preSolution
		HideSolutionNode = FALSE
	EndGlobalSection
	GlobalSection(NestedProjects) = preSolution
		{0E1C3DFA-29C2-46D2-9CAC-DE45F221B176} = {B52B8DCF-A1D3-472C-93EA-7F1969A8CCD3}
	EndGlobalSection
	GlobalSection(ExtensibilityGlobals) = postSolution
		SolutionGuid = {3D8C7A70-62E9-4332-B53B-C608DCFE19C0}
	EndGlobalSection
EndGlobal
